// !$*UTF8*$!
{
	archiveVersion = 1;
	classes = {
	};
	objectVersion = 46;
	objects = {

/* Begin PBXBuildFile section */
		ECF403311C38955A00B6A52A /* AppDelegate.swift in Sources */ = {isa = PBXBuildFile; fileRef = ECF403301C38955A00B6A52A /* AppDelegate.swift */; };
		ECF403361C38955A00B6A52A /* Main.storyboard in Resources */ = {isa = PBXBuildFile; fileRef = ECF403341C38955A00B6A52A /* Main.storyboard */; };
		ECF403381C38955A00B6A52A /* Assets.xcassets in Resources */ = {isa = PBXBuildFile; fileRef = ECF403371C38955A00B6A52A /* Assets.xcassets */; };
		ECF4033B1C38955A00B6A52A /* LaunchScreen.storyboard in Resources */ = {isa = PBXBuildFile; fileRef = ECF403391C38955A00B6A52A /* LaunchScreen.storyboard */; };
		ECF403441C38B96400B6A52A /* CalendarCollectionViewController.swift in Sources */ = {isa = PBXBuildFile; fileRef = ECF403431C38B96400B6A52A /* CalendarCollectionViewController.swift */; };
		ECF403461C38BCB300B6A52A /* DateCollectionViewCell.swift in Sources */ = {isa = PBXBuildFile; fileRef = ECF403451C38BCB300B6A52A /* DateCollectionViewCell.swift */; };
/* End PBXBuildFile section */

/* Begin PBXFileReference section */
		ECF4032D1C38955A00B6A52A /* My Habit Tracker.app */ = {isa = PBXFileReference; explicitFileType = wrapper.application; includeInIndex = 0; path = "My Habit Tracker.app"; sourceTree = BUILT_PRODUCTS_DIR; };
		ECF403301C38955A00B6A52A /* AppDelegate.swift */ = {isa = PBXFileReference; lastKnownFileType = sourcecode.swift; path = AppDelegate.swift; sourceTree = "<group>"; };
		ECF403351C38955A00B6A52A /* Base */ = {isa = PBXFileReference; lastKnownFileType = file.storyboard; name = Base; path = Base.lproj/Main.storyboard; sourceTree = "<group>"; };
		ECF403371C38955A00B6A52A /* Assets.xcassets */ = {isa = PBXFileReference; lastKnownFileType = folder.assetcatalog; path = Assets.xcassets; sourceTree = "<group>"; };
		ECF4033A1C38955A00B6A52A /* Base */ = {isa = PBXFileReference; lastKnownFileType = file.storyboard; name = Base; path = Base.lproj/LaunchScreen.storyboard; sourceTree = "<group>"; };
		ECF4033C1C38955A00B6A52A /* Info.plist */ = {isa = PBXFileReference; lastKnownFileType = text.plist.xml; path = Info.plist; sourceTree = "<group>"; };
		ECF403431C38B96400B6A52A /* CalendarCollectionViewController.swift */ = {isa = PBXFileReference; fileEncoding = 4; lastKnownFileType = sourcecode.swift; path = CalendarCollectionViewController.swift; sourceTree = "<group>"; };
		ECF403451C38BCB300B6A52A /* DateCollectionViewCell.swift */ = {isa = PBXFileReference; fileEncoding = 4; lastKnownFileType = sourcecode.swift; path = DateCollectionViewCell.swift; sourceTree = "<group>"; };
/* End PBXFileReference section */

/* Begin PBXFrameworksBuildPhase section */
		ECF4032A1C38955A00B6A52A /* Frameworks */ = {
			isa = PBXFrameworksBuildPhase;
			buildActionMask = 2147483647;
			files = (
			);
			runOnlyForDeploymentPostprocessing = 0;
		};
/* End PBXFrameworksBuildPhase section */

/* Begin PBXGroup section */
		ECF403241C38955A00B6A52A = {
			isa = PBXGroup;
			children = (
				ECF4032F1C38955A00B6A52A /* My Habit Tracker */,
				ECF4032E1C38955A00B6A52A /* Products */,
			);
			sourceTree = "<group>";
		};
		ECF4032E1C38955A00B6A52A /* Products */ = {
			isa = PBXGroup;
			children = (
				ECF4032D1C38955A00B6A52A /* My Habit Tracker.app */,
			);
			name = Products;
			sourceTree = "<group>";
		};
		ECF4032F1C38955A00B6A52A /* My Habit Tracker */ = {
			isa = PBXGroup;
			children = (
				ECF403301C38955A00B6A52A /* AppDelegate.swift */,
				ECF403431C38B96400B6A52A /* CalendarCollectionViewController.swift */,
				ECF403451C38BCB300B6A52A /* DateCollectionViewCell.swift */,
				ECF403341C38955A00B6A52A /* Main.storyboard */,
				ECF403371C38955A00B6A52A /* Assets.xcassets */,
				ECF403391C38955A00B6A52A /* LaunchScreen.storyboard */,
				ECF4033C1C38955A00B6A52A /* Info.plist */,
			);
			path = "My Habit Tracker";
			sourceTree = "<group>";
		};
/* End PBXGroup section */

/* Begin PBXNativeTarget section */
		ECF4032C1C38955A00B6A52A /* My Habit Tracker */ = {
			isa = PBXNativeTarget;
			buildConfigurationList = ECF4033F1C38955A00B6A52A /* Build configuration list for PBXNativeTarget "My Habit Tracker" */;
			buildPhases = (
				ECF403291C38955A00B6A52A /* Sources */,
				ECF4032A1C38955A00B6A52A /* Frameworks */,
				ECF4032B1C38955A00B6A52A /* Resources */,
			);
			buildRules = (
			);
			dependencies = (
			);
			name = "My Habit Tracker";
			productName = "My Habit Tracker";
			productReference = ECF4032D1C38955A00B6A52A /* My Habit Tracker.app */;
			productType = "com.apple.product-type.application";
		};
/* End PBXNativeTarget section */

/* Begin PBXProject section */
		ECF403251C38955A00B6A52A /* Project object */ = {
			isa = PBXProject;
			attributes = {
				LastSwiftUpdateCheck = 0720;
				LastUpgradeCheck = 0720;
				ORGANIZATIONNAME = "Proximity Viz LLC";
				TargetAttributes = {
					ECF4032C1C38955A00B6A52A = {
						CreatedOnToolsVersion = 7.2;
						DevelopmentTeam = 34XFQ7WVN3;
					};
				};
			};
			buildConfigurationList = ECF403281C38955A00B6A52A /* Build configuration list for PBXProject "My Habit Tracker" */;
			compatibilityVersion = "Xcode 3.2";
			developmentRegion = English;
			hasScannedForEncodings = 0;
			knownRegions = (
				en,
				Base,
			);
			mainGroup = ECF403241C38955A00B6A52A;
			productRefGroup = ECF4032E1C38955A00B6A52A /* Products */;
			projectDirPath = "";
			projectRoot = "";
			targets = (
				ECF4032C1C38955A00B6A52A /* My Habit Tracker */,
			);
		};
/* End PBXProject section */

/* Begin PBXResourcesBuildPhase section */
		ECF4032B1C38955A00B6A52A /* Resources */ = {
			isa = PBXResourcesBuildPhase;
			buildActionMask = 2147483647;
			files = (
				ECF4033B1C38955A00B6A52A /* LaunchScreen.storyboard in Resources */,
				ECF403381C38955A00B6A52A /* Assets.xcassets in Resources */,
				ECF403361C38955A00B6A52A /* Main.storyboard in Resources */,
			);
			runOnlyForDeploymentPostprocessing = 0;
		};
/* End PBXResourcesBuildPhase section */

/* Begin PBXSourcesBuildPhase section */
		ECF403291C38955A00B6A52A /* Sources */ = {
			isa = PBXSourcesBuildPhase;
			buildActionMask = 2147483647;
			files = (
				ECF403441C38B96400B6A52A /* CalendarCollectionViewController.swift in Sources */,
				ECF403461C38BCB300B6A52A /* DateCollectionViewCell.swift in Sources */,
				ECF403311C38955A00B6A52A /* AppDelegate.swift in Sources */,
			);
			runOnlyForDeploymentPostprocessing = 0;
		};
/* End PBXSourcesBuildPhase section */

/* Begin PBXVariantGroup section */
		ECF403341C38955A00B6A52A /* Main.storyboard */ = {
			isa = PBXVariantGroup;
			children = (
				ECF403351C38955A00B6A52A /* Base */,
			);
			name = Main.storyboard;
			sourceTree = "<group>";
		};
		ECF403391C38955A00B6A52A /* LaunchScreen.storyboard */ = {
			isa = PBXVariantGroup;
			children = (
				ECF4033A1C38955A00B6A52A /* Base */,
			);
			name = LaunchScreen.storyboard;
			sourceTree = "<group>";
		};
/* End PBXVariantGroup section */

/* Begin XCBuildConfiguration section */
		ECF4033D1C38955A00B6A52A /* Debug */ = {
			isa = XCBuildConfiguration;
			buildSettings = {
				ALWAYS_SEARCH_USER_PATHS = NO;
				CLANG_CXX_LANGUAGE_STANDARD = "gnu++0x";
				CLANG_CXX_LIBRARY = "libc++";
				CLANG_ENABLE_MODULES = YES;
				CLANG_ENABLE_OBJC_ARC = YES;
				CLANG_WARN_BOOL_CONVERSION = YES;
				CLANG_WARN_CONSTANT_CONVERSION = YES;
				CLANG_WARN_DIRECT_OBJC_ISA_USAGE = YES_ERROR;
				CLANG_WARN_EMPTY_BODY = YES;
				CLANG_WARN_ENUM_CONVERSION = YES;
				CLANG_WARN_INT_CONVERSION = YES;
				CLANG_WARN_OBJC_ROOT_CLASS = YES_ERROR;
				CLANG_WARN_UNREACHABLE_CODE = YES;
				CLANG_WARN__DUPLICATE_METHOD_MATCH = YES;
				"CODE_SIGN_IDENTITY[sdk=iphoneos*]" = "iPhone Developer";
				COPY_PHASE_STRIP = NO;
				DEBUG_INFORMATION_FORMAT = dwarf;
				ENABLE_STRICT_OBJC_MSGSEND = YES;
				ENABLE_TESTABILITY = YES;
				GCC_C_LANGUAGE_STANDARD = gnu99;
				GCC_DYNAMIC_NO_PIC = NO;
				GCC_NO_COMMON_BLOCKS = YES;
				GCC_OPTIMIZATION_LEVEL = 0;
				GCC_PREPROCESSOR_DEFINITIONS = (
					"DEBUG=1",
					"$(inherited)",
				);
				GCC_WARN_64_TO_32_BIT_CONVERSION = YES;
				GCC_WARN_ABOUT_RETURN_TYPE = YES_ERROR;
				GCC_WARN_UNDECLARED_SELECTOR = YES;
				GCC_WARN_UNINITIALIZED_AUTOS = YES_AGGRESSIVE;
				GCC_WARN_UNUSED_FUNCTION = YES;
				GCC_WARN_UNUSED_VARIABLE = YES;
				IPHONEOS_DEPLOYMENT_TARGET = 9.2;
				MTL_ENABLE_DEBUG_INFO = YES;
				ONLY_ACTIVE_ARCH = YES;
				SDKROOT = iphoneos;
				SWIFT_OPTIMIZATION_LEVEL = "-Onone";
				TARGETED_DEVICE_FAMILY = "1,2";
			};
			name = Debug;
		};
		ECF4033E1C38955A00B6A52A /* Release */ = {
			isa = XCBuildConfiguration;
			buildSettings = {
				ALWAYS_SEARCH_USER_PATHS = NO;
				CLANG_CXX_LANGUAGE_STANDARD = "gnu++0x";
				CLANG_CXX_LIBRARY = "libc++";
				CLANG_ENABLE_MODULES = YES;
				CLANG_ENABLE_OBJC_ARC = YES;
				CLANG_WARN_BOOL_CONVERSION = YES;
				CLANG_WARN_CONSTANT_CONVERSION = YES;
				CLANG_WARN_DIRECT_OBJC_ISA_USAGE = YES_ERROR;
				CLANG_WARN_EMPTY_BODY = YES;
				CLANG_WARN_ENUM_CONVERSION = YES;
				CLANG_WARN_INT_CONVERSION = YES;
				CLANG_WARN_OBJC_ROOT_CLASS = YES_ERROR;
				CLANG_WARN_UNREACHABLE_CODE = YES;
				CLANG_WARN__DUPLICATE_METHOD_MATCH = YES;
				"CODE_SIGN_IDENTITY[sdk=iphoneos*]" = "iPhone Developer";
				COPY_PHASE_STRIP = NO;
				DEBUG_INFORMATION_FORMAT = "dwarf-with-dsym";
				ENABLE_NS_ASSERTIONS = NO;
				ENABLE_STRICT_OBJC_MSGSEND = YES;
				GCC_C_LANGUAGE_STANDARD = gnu99;
				GCC_NO_COMMON_BLOCKS = YES;
				GCC_WARN_64_TO_32_BIT_CONVERSION = YES;
				GCC_WARN_ABOUT_RETURN_TYPE = YES_ERROR;
				GCC_WARN_UNDECLARED_SELECTOR = YES;
				GCC_WARN_UNINITIALIZED_AUTOS = YES_AGGRESSIVE;
				GCC_WARN_UNUSED_FUNCTION = YES;
				GCC_WARN_UNUSED_VARIABLE = YES;
				IPHONEOS_DEPLOYMENT_TARGET = 9.2;
				MTL_ENABLE_DEBUG_INFO = NO;
				SDKROOT = iphoneos;
				TARGETED_DEVICE_FAMILY = "1,2";
				VALIDATE_PRODUCT = YES;
			};
			name = Release;
		};
		ECF403401C38955A00B6A52A /* Debug */ = {
			isa = XCBuildConfiguration;
			buildSettings = {
				ASSETCATALOG_COMPILER_APPICON_NAME = AppIcon;
				CODE_SIGN_IDENTITY = "iPhone Developer";
				INFOPLIST_FILE = "My Habit Tracker/Info.plist";
				IPHONEOS_DEPLOYMENT_TARGET = 8.0;
				LD_RUNPATH_SEARCH_PATHS = "$(inherited) @executable_path/Frameworks";
				PRODUCT_BUNDLE_IDENTIFIER = "com.proximityviz.My-Habit-Tracker";
				PRODUCT_NAME = "$(TARGET_NAME)";
			};
			name = Debug;
		};
		ECF403411C38955A00B6A52A /* Release */ = {
			isa = XCBuildConfiguration;
			buildSettings = {
				ASSETCATALOG_COMPILER_APPICON_NAME = AppIcon;
				CODE_SIGN_IDENTITY = "iPhone Developer";
				INFOPLIST_FILE = "My Habit Tracker/Info.plist";
				IPHONEOS_DEPLOYMENT_TARGET = 8.0;
				LD_RUNPATH_SEARCH_PATHS = "$(inherited) @executable_path/Frameworks";
				PRODUCT_BUNDLE_IDENTIFIER = "com.proximityviz.My-Habit-Tracker";
				PRODUCT_NAME = "$(TARGET_NAME)";
			};
			name = Release;
		};
/* End XCBuildConfiguration section */

/* Begin XCConfigurationList section */
		ECF403281C38955A00B6A52A /* Build configuration list for PBXProject "My Habit Tracker" */ = {
			isa = XCConfigurationList;
			buildConfigurations = (
				ECF4033D1C38955A00B6A52A /* Debug */,
				ECF4033E1C38955A00B6A52A /* Release */,
			);
			defaultConfigurationIsVisible = 0;
			defaultConfigurationName = Release;
		};
		ECF4033F1C38955A00B6A52A /* Build configuration list for PBXNativeTarget "My Habit Tracker" */ = {
			isa = XCConfigurationList;
			buildConfigurations = (
				ECF403401C38955A00B6A52A /* Debug */,
				ECF403411C38955A00B6A52A /* Release */,
			);
			defaultConfigurationIsVisible = 0;
			defaultConfigurationName = Release;
		};
/* End XCConfigurationList section */
	};
	rootObject = ECF403251C38955A00B6A52A /* Project object */;
}
